// !$*UTF8*$!
{
	archiveVersion = 1;
	classes = {
	};
	objectVersion = 48;
	objects = {

/* Begin PBXBuildFile section */
		FC58F9C92015BA2300018C4E /* AppDelegate.m in Sources */ = {isa = PBXBuildFile; fileRef = FC58F9C82015BA2300018C4E /* AppDelegate.m */; };
		FC58F9CC2015BA2300018C4E /* ViewController.m in Sources */ = {isa = PBXBuildFile; fileRef = FC58F9CB2015BA2300018C4E /* ViewController.m */; };
		FC58F9CF2015BA2300018C4E /* Main.storyboard in Resources */ = {isa = PBXBuildFile; fileRef = FC58F9CD2015BA2300018C4E /* Main.storyboard */; };
		FC58F9D12015BA2300018C4E /* Assets.xcassets in Resources */ = {isa = PBXBuildFile; fileRef = FC58F9D02015BA2300018C4E /* Assets.xcassets */; };
		FC58F9D42015BA2300018C4E /* LaunchScreen.storyboard in Resources */ = {isa = PBXBuildFile; fileRef = FC58F9D22015BA2300018C4E /* LaunchScreen.storyboard */; };
		FC58F9D72015BA2300018C4E /* main.m in Sources */ = {isa = PBXBuildFile; fileRef = FC58F9D62015BA2300018C4E /* main.m */; };
/* End PBXBuildFile section */

/* Begin PBXFileReference section */
		FC58F9C42015BA2300018C4E /* GavelIt.app */ = {isa = PBXFileReference; explicitFileType = wrapper.application; includeInIndex = 0; path = GavelIt.app; sourceTree = BUILT_PRODUCTS_DIR; };
		FC58F9C72015BA2300018C4E /* AppDelegate.h */ = {isa = PBXFileReference; lastKnownFileType = sourcecode.c.h; path = AppDelegate.h; sourceTree = "<group>"; };
		FC58F9C82015BA2300018C4E /* AppDelegate.m */ = {isa = PBXFileReference; lastKnownFileType = sourcecode.c.objc; path = AppDelegate.m; sourceTree = "<group>"; };
		FC58F9CA2015BA2300018C4E /* ViewController.h */ = {isa = PBXFileReference; lastKnownFileType = sourcecode.c.h; path = ViewController.h; sourceTree = "<group>"; };
		FC58F9CB2015BA2300018C4E /* ViewController.m */ = {isa = PBXFileReference; lastKnownFileType = sourcecode.c.objc; path = ViewController.m; sourceTree = "<group>"; };
		FC58F9CE2015BA2300018C4E /* Base */ = {isa = PBXFileReference; lastKnownFileType = file.storyboard; name = Base; path = Base.lproj/Main.storyboard; sourceTree = "<group>"; };
		FC58F9D02015BA2300018C4E /* Assets.xcassets */ = {isa = PBXFileReference; lastKnownFileType = folder.assetcatalog; path = Assets.xcassets; sourceTree = "<group>"; };
		FC58F9D32015BA2300018C4E /* Base */ = {isa = PBXFileReference; lastKnownFileType = file.storyboard; name = Base; path = Base.lproj/LaunchScreen.storyboard; sourceTree = "<group>"; };
		FC58F9D52015BA2300018C4E /* Info.plist */ = {isa = PBXFileReference; lastKnownFileType = text.plist.xml; path = Info.plist; sourceTree = "<group>"; };
		FC58F9D62015BA2300018C4E /* main.m */ = {isa = PBXFileReference; lastKnownFileType = sourcecode.c.objc; path = main.m; sourceTree = "<group>"; };
/* End PBXFileReference section */

/* Begin PBXFrameworksBuildPhase section */
		FC58F9C12015BA2300018C4E /* Frameworks */ = {
			isa = PBXFrameworksBuildPhase;
			buildActionMask = 2147483647;
			files = (
			);
			runOnlyForDeploymentPostprocessing = 0;
		};
/* End PBXFrameworksBuildPhase section */

/* Begin PBXGroup section */
		FC58F9BB2015BA2300018C4E = {
			isa = PBXGroup;
			children = (
				FC58F9C62015BA2300018C4E /* GavelIt */,
				FC58F9C52015BA2300018C4E /* Products */,
			);
			sourceTree = "<group>";
		};
		FC58F9C52015BA2300018C4E /* Products */ = {
			isa = PBXGroup;
			children = (
				FC58F9C42015BA2300018C4E /* GavelIt.app */,
			);
			name = Products;
			sourceTree = "<group>";
		};
		FC58F9C62015BA2300018C4E /* GavelIt */ = {
			isa = PBXGroup;
			children = (
				FC58F9C72015BA2300018C4E /* AppDelegate.h */,
				FC58F9C82015BA2300018C4E /* AppDelegate.m */,
				FC58F9CA2015BA2300018C4E /* ViewController.h */,
				FC58F9CB2015BA2300018C4E /* ViewController.m */,
				FC58F9CD2015BA2300018C4E /* Main.storyboard */,
				FC58F9D02015BA2300018C4E /* Assets.xcassets */,
				FC58F9D22015BA2300018C4E /* LaunchScreen.storyboard */,
				FC58F9D52015BA2300018C4E /* Info.plist */,
				FC58F9D62015BA2300018C4E /* main.m */,
			);
			path = GavelIt;
			sourceTree = "<group>";
		};
/* End PBXGroup section */

/* Begin PBXNativeTarget section */
		FC58F9C32015BA2300018C4E /* GavelIt */ = {
			isa = PBXNativeTarget;
			buildConfigurationList = FC58F9DA2015BA2300018C4E /* Build configuration list for PBXNativeTarget "GavelIt" */;
			buildPhases = (
				FC58F9C02015BA2300018C4E /* Sources */,
				FC58F9C12015BA2300018C4E /* Frameworks */,
				FC58F9C22015BA2300018C4E /* Resources */,
			);
			buildRules = (
			);
			dependencies = (
			);
			name = GavelIt;
			productName = GavelIt;
			productReference = FC58F9C42015BA2300018C4E /* GavelIt.app */;
			productType = "com.apple.product-type.application";
		};
/* End PBXNativeTarget section */

/* Begin PBXProject section */
		FC58F9BC2015BA2300018C4E /* Project object */ = {
			isa = PBXProject;
			attributes = {
				LastUpgradeCheck = 0900;
				ORGANIZATIONNAME = "Steven Pochapin";
				TargetAttributes = {
					FC58F9C32015BA2300018C4E = {
						CreatedOnToolsVersion = 9.0;
						ProvisioningStyle = Automatic;
					};
				};
			};
			buildConfigurationList = FC58F9BF2015BA2300018C4E /* Build configuration list for PBXProject "GavelIt" */;
			compatibilityVersion = "Xcode 8.0";
			developmentRegion = en;
			hasScannedForEncodings = 0;
			knownRegions = (
				en,
				Base,
			);
			mainGroup = FC58F9BB2015BA2300018C4E;
			productRefGroup = FC58F9C52015BA2300018C4E /* Products */;
			projectDirPath = "";
			projectRoot = "";
			targets = (
				FC58F9C32015BA2300018C4E /* GavelIt */,
			);
		};
/* End PBXProject section */

/* Begin PBXResourcesBuildPhase section */
		FC58F9C22015BA2300018C4E /* Resources */ = {
			isa = PBXResourcesBuildPhase;
			buildActionMask = 2147483647;
			files = (
				FC58F9D42015BA2300018C4E /* LaunchScreen.storyboard in Resources */,
				FC58F9D12015BA2300018C4E /* Assets.xcassets in Resources */,
				FC58F9CF2015BA2300018C4E /* Main.storyboard in Resources */,
			);
			runOnlyForDeploymentPostprocessing = 0;
		};
/* End PBXResourcesBuildPhase section */

/* Begin PBXSourcesBuildPhase section */
		FC58F9C02015BA2300018C4E /* Sources */ = {
			isa = PBXSourcesBuildPhase;
			buildActionMask = 2147483647;
			files = (
				FC58F9CC2015BA2300018C4E /* ViewController.m in Sources */,
				FC58F9D72015BA2300018C4E /* main.m in Sources */,
				FC58F9C92015BA2300018C4E /* AppDelegate.m in Sources */,
			);
			runOnlyForDeploymentPostprocessing = 0;
		};
/* End PBXSourcesBuildPhase section */

/* Begin PBXVariantGroup section */
		FC58F9CD2015BA2300018C4E /* Main.storyboard */ = {
			isa = PBXVariantGroup;
			children = (
				FC58F9CE2015BA2300018C4E /* Base */,
			);
			name = Main.storyboard;
			sourceTree = "<group>";
		};
		FC58F9D22015BA2300018C4E /* LaunchScreen.storyboard */ = {
			isa = PBXVariantGroup;
			children = (
				FC58F9D32015BA2300018C4E /* Base */,
			);
			name = LaunchScreen.storyboard;
			sourceTree = "<group>";
		};
/* End PBXVariantGroup section */

/* Begin XCBuildConfiguration section */
		FC58F9D82015BA2300018C4E /* Debug */ = {
			isa = XCBuildConfiguration;
			buildSettings = {
				ALWAYS_SEARCH_USER_PATHS = NO;
				CLANG_ANALYZER_NONNULL = YES;
				CLANG_ANALYZER_NUMBER_OBJECT_CONVERSION = YES_AGGRESSIVE;
				CLANG_CXX_LANGUAGE_STANDARD = "gnu++14";
				CLANG_CXX_LIBRARY = "libc++";
				CLANG_ENABLE_MODULES = YES;
				CLANG_ENABLE_OBJC_ARC = YES;
				CLANG_WARN_BLOCK_CAPTURE_AUTORELEASING = YES;
				CLANG_WARN_BOOL_CONVERSION = YES;
				CLANG_WARN_COMMA = YES;
				CLANG_WARN_CONSTANT_CONVERSION = YES;
				CLANG_WARN_DIRECT_OBJC_ISA_USAGE = YES_ERROR;
				CLANG_WARN_DOCUMENTATION_COMMENTS = YES;
				CLANG_WARN_EMPTY_BODY = YES;
				CLANG_WARN_ENUM_CONVERSION = YES;
				CLANG_WARN_INFINITE_RECURSION = YES;
				CLANG_WARN_INT_CONVERSION = YES;
				CLANG_WARN_NON_LITERAL_NULL_CONVERSION = YES;
				CLANG_WARN_OBJC_LITERAL_CONVERSION = YES;
				CLANG_WARN_OBJC_ROOT_CLASS = YES_ERROR;
				CLANG_WARN_RANGE_LOOP_ANALYSIS = YES;
				CLANG_WARN_STRICT_PROTOTYPES = YES;
				CLANG_WARN_SUSPICIOUS_MOVE = YES;
				CLANG_WARN_UNGUARDED_AVAILABILITY = YES_AGGRESSIVE;
				CLANG_WARN_UNREACHABLE_CODE = YES;
				CLANG_WARN__DUPLICATE_METHOD_MATCH = YES;
				CODE_SIGN_IDENTITY = "iPhone Developer";
				COPY_PHASE_STRIP = NO;
				DEBUG_INFORMATION_FORMAT = dwarf;
				ENABLE_STRICT_OBJC_MSGSEND = YES;
				ENABLE_TESTABILITY = YES;
				GCC_C_LANGUAGE_STANDARD = gnu11;
				GCC_DYNAMIC_NO_PIC = NO;
				GCC_NO_COMMON_BLOCKS = YES;
				GCC_OPTIMIZATION_LEVEL = 0;
				GCC_PREPROCESSOR_DEFINITIONS = (
					"DEBUG=1",
					"$(inherited)",
				);
				GCC_WARN_64_TO_32_BIT_CONVERSION = YES;
				GCC_WARN_ABOUT_RETURN_TYPE = YES_ERROR;
				GCC_WARN_UNDECLARED_SELECTOR = YES;
				GCC_WARN_UNINITIALIZED_AUTOS = YES_AGGRESSIVE;
				GCC_WARN_UNUSED_FUNCTION = YES;
				GCC_WARN_UNUSED_VARIABLE = YES;
				IPHONEOS_DEPLOYMENT_TARGET = 11.0;
				MTL_ENABLE_DEBUG_INFO = YES;
				ONLY_ACTIVE_ARCH = YES;
				SDKROOT = iphoneos;
			};
			name = Debug;
		};
		FC58F9D92015BA2300018C4E /* Release */ = {
			isa = XCBuildConfiguration;
			buildSettings = {
				ALWAYS_SEARCH_USER_PATHS = NO;
				CLANG_ANALYZER_NONNULL = YES;
				CLANG_ANALYZER_NUMBER_OBJECT_CONVERSION = YES_AGGRESSIVE;
				CLANG_CXX_LANGUAGE_STANDARD = "gnu++14";
				CLANG_CXX_LIBRARY = "libc++";
				CLANG_ENABLE_MODULES = YES;
				CLANG_ENABLE_OBJC_ARC = YES;
				CLANG_WARN_BLOCK_CAPTURE_AUTORELEASING = YES;
				CLANG_WARN_BOOL_CONVERSION = YES;
				CLANG_WARN_COMMA = YES;
				CLANG_WARN_CONSTANT_CONVERSION = YES;
				CLANG_WARN_DIRECT_OBJC_ISA_USAGE = YES_ERROR;
				CLANG_WARN_DOCUMENTATION_COMMENTS = YES;
				CLANG_WARN_EMPTY_BODY = YES;
				CLANG_WARN_ENUM_CONVERSION = YES;
				CLANG_WARN_INFINITE_RECURSION = YES;
				CLANG_WARN_INT_CONVERSION = YES;
				CLANG_WARN_NON_LITERAL_NULL_CONVERSION = YES;
				CLANG_WARN_OBJC_LITERAL_CONVERSION = YES;
				CLANG_WARN_OBJC_ROOT_CLASS = YES_ERROR;
				CLANG_WARN_RANGE_LOOP_ANALYSIS = YES;
				CLANG_WARN_STRICT_PROTOTYPES = YES;
				CLANG_WARN_SUSPICIOUS_MOVE = YES;
				CLANG_WARN_UNGUARDED_AVAILABILITY = YES_AGGRESSIVE;
				CLANG_WARN_UNREACHABLE_CODE = YES;
				CLANG_WARN__DUPLICATE_METHOD_MATCH = YES;
				CODE_SIGN_IDENTITY = "iPhone Developer";
				COPY_PHASE_STRIP = NO;
				DEBUG_INFORMATION_FORMAT = "dwarf-with-dsym";
				ENABLE_NS_ASSERTIONS = NO;
				ENABLE_STRICT_OBJC_MSGSEND = YES;
				GCC_C_LANGUAGE_STANDARD = gnu11;
				GCC_NO_COMMON_BLOCKS = YES;
				GCC_WARN_64_TO_32_BIT_CONVERSION = YES;
				GCC_WARN_ABOUT_RETURN_TYPE = YES_ERROR;
				GCC_WARN_UNDECLARED_SELECTOR = YES;
				GCC_WARN_UNINITIALIZED_AUTOS = YES_AGGRESSIVE;
				GCC_WARN_UNUSED_FUNCTION = YES;
				GCC_WARN_UNUSED_VARIABLE = YES;
				IPHONEOS_DEPLOYMENT_TARGET = 11.0;
				MTL_ENABLE_DEBUG_INFO = NO;
				SDKROOT = iphoneos;
				VALIDATE_PRODUCT = YES;
			};
			name = Release;
		};
		FC58F9DB2015BA2300018C4E /* Debug */ = {
			isa = XCBuildConfiguration;
			buildSettings = {
				ASSETCATALOG_COMPILER_APPICON_NAME = AppIcon;
				CODE_SIGN_STYLE = Automatic;
				DEVELOPMENT_TEAM = SBDQH2K3CZ;
				INFOPLIST_FILE = GavelIt/Info.plist;
				LD_RUNPATH_SEARCH_PATHS = "$(inherited) @executable_path/Frameworks";
				PRODUCT_BUNDLE_IDENTIFIER = GI.GavelIt;
				PRODUCT_NAME = "$(TARGET_NAME)";
				TARGETED_DEVICE_FAMILY = "1,2";
			};
			name = Debug;
		};
		FC58F9DC2015BA2300018C4E /* Release */ = {
			isa = XCBuildConfiguration;
			buildSettings = {
				ASSETCATALOG_COMPILER_APPICON_NAME = AppIcon;
				CODE_SIGN_STYLE = Automatic;
				DEVELOPMENT_TEAM = SBDQH2K3CZ;
				INFOPLIST_FILE = GavelIt/Info.plist;
				LD_RUNPATH_SEARCH_PATHS = "$(inherited) @executable_path/Frameworks";
				PRODUCT_BUNDLE_IDENTIFIER = GI.GavelIt;
				PRODUCT_NAME = "$(TARGET_NAME)";
				TARGETED_DEVICE_FAMILY = "1,2";
			};
			name = Release;
		};
/* End XCBuildConfiguration section */

/* Begin XCConfigurationList section */
		FC58F9BF2015BA2300018C4E /* Build configuration list for PBXProject "GavelIt" */ = {
			isa = XCConfigurationList;
			buildConfigurations = (
				FC58F9D82015BA2300018C4E /* Debug */,
				FC58F9D92015BA2300018C4E /* Release */,
			);
			defaultConfigurationIsVisible = 0;
			defaultConfigurationName = Release;
		};
		FC58F9DA2015BA2300018C4E /* Build configuration list for PBXNativeTarget "GavelIt" */ = {
			isa = XCConfigurationList;
			buildConfigurations = (
				FC58F9DB2015BA2300018C4E /* Debug */,
				FC58F9DC2015BA2300018C4E /* Release */,
			);
			defaultConfigurationIsVisible = 0;
			defaultConfigurationName = Release;
		};
/* End XCConfigurationList section */
	};
	rootObject = FC58F9BC2015BA2300018C4E /* Project object */;
}
